
Microsoft Visual Studio Solution File, Format Version 12.00
# Visual Studio 14
VisualStudioVersion = 14.0.25420.1
MinimumVisualStudioVersion = 10.0.40219.1
Project("{FAE04EC0-301F-11D3-BF4B-00C04F79EFBC}") = "TexasHoldEmEngineTest", "TexasHoldEmEngineTest\TexasHoldEmEngineTest.csproj", "{B257DB59-876A-4977-B6E5-1183AEF3E246}"
EndProject
Project("{FAE04EC0-301F-11D3-BF4B-00C04F79EFBC}") = "TexasHoldEmEngine", "TexasHoldEmEngine\TexasHoldEmEngine.csproj", "{20C84139-EBA2-4FBE-912E-1D4AC9F63F92}"
EndProject
Project("{FAE04EC0-301F-11D3-BF4B-00C04F79EFBC}") = "TexasHoldEmEngine.Interfaces", "TexasHoldEmEngine.Interfaces\TexasHoldEmEngine.Interfaces.csproj", "{07ED8924-F2B7-47D5-9B5C-F8501829CCA6}"
EndProject
Project("{2150E333-8FDC-42A3-9474-1A3956D46DE8}") = "Engine", "Engine", "{AB120A02-64AF-4280-B9CE-AC1E5ED76AE2}"
EndProject
Project("{2150E333-8FDC-42A3-9474-1A3956D46DE8}") = "Server", "Server", "{3DC7F69D-3CD7-49AD-9774-7C8933229F97}"
EndProject
Project("{FAE04EC0-301F-11D3-BF4B-00C04F79EFBC}") = "TexasHoldEmService", "TexasHoldEmService\TexasHoldEmService.csproj", "{D4B24F49-5497-4F1B-B909-5AE248B826D5}"
EndProject
Project("{2150E333-8FDC-42A3-9474-1A3956D46DE8}") = "ConsoleClient", "ConsoleClient", "{91FB99F8-DFC3-4CA2-A58A-C55C70EDE655}"
EndProject
Project("{FAE04EC0-301F-11D3-BF4B-00C04F79EFBC}") = "TexasHoldEmConsoleClient", "TexasHoldEmConsoleClient\TexasHoldEmConsoleClient.csproj", "{41FCBBD6-61D9-4DAA-9720-1F780ED4061A}"
EndProject
Project("{FAE04EC0-301F-11D3-BF4B-00C04F79EFBC}") = "TexasHoldEmHost", "TexasHoldEmHost\TexasHoldEmHost.csproj", "{E3FF0753-C49A-4682-B0D4-853DF891316C}"
EndProject
Global
	GlobalSection(SolutionConfigurationPlatforms) = preSolution
		Debug|Any CPU = Debug|Any CPU
		Release|Any CPU = Release|Any CPU
	EndGlobalSection
	GlobalSection(ProjectConfigurationPlatforms) = postSolution
		{B257DB59-876A-4977-B6E5-1183AEF3E246}.Debug|Any CPU.ActiveCfg = Debug|Any CPU
		{B257DB59-876A-4977-B6E5-1183AEF3E246}.Debug|Any CPU.Build.0 = Debug|Any CPU
		{B257DB59-876A-4977-B6E5-1183AEF3E246}.Release|Any CPU.ActiveCfg = Release|Any CPU
		{B257DB59-876A-4977-B6E5-1183AEF3E246}.Release|Any CPU.Build.0 = Release|Any CPU
		{20C84139-EBA2-4FBE-912E-1D4AC9F63F92}.Debug|Any CPU.ActiveCfg = Debug|Any CPU
		{20C84139-EBA2-4FBE-912E-1D4AC9F63F92}.Debug|Any CPU.Build.0 = Debug|Any CPU
		{20C84139-EBA2-4FBE-912E-1D4AC9F63F92}.Release|Any CPU.ActiveCfg = Release|Any CPU
		{20C84139-EBA2-4FBE-912E-1D4AC9F63F92}.Release|Any CPU.Build.0 = Release|Any CPU
		{07ED8924-F2B7-47D5-9B5C-F8501829CCA6}.Debug|Any CPU.ActiveCfg = Debug|Any CPU
		{07ED8924-F2B7-47D5-9B5C-F8501829CCA6}.Debug|Any CPU.Build.0 = Debug|Any CPU
		{07ED8924-F2B7-47D5-9B5C-F8501829CCA6}.Release|Any CPU.ActiveCfg = Release|Any CPU
		{07ED8924-F2B7-47D5-9B5C-F8501829CCA6}.Release|Any CPU.Build.0 = Release|Any CPU
		{D4B24F49-5497-4F1B-B909-5AE248B826D5}.Debug|Any CPU.ActiveCfg = Debug|Any CPU
		{D4B24F49-5497-4F1B-B909-5AE248B826D5}.Debug|Any CPU.Build.0 = Debug|Any CPU
		{D4B24F49-5497-4F1B-B909-5AE248B826D5}.Release|Any CPU.ActiveCfg = Release|Any CPU
		{D4B24F49-5497-4F1B-B909-5AE248B826D5}.Release|Any CPU.Build.0 = Release|Any CPU
		{41FCBBD6-61D9-4DAA-9720-1F780ED4061A}.Debug|Any CPU.ActiveCfg = Debug|Any CPU
		{41FCBBD6-61D9-4DAA-9720-1F780ED4061A}.Debug|Any CPU.Build.0 = Debug|Any CPU
		{41FCBBD6-61D9-4DAA-9720-1F780ED4061A}.Release|Any CPU.ActiveCfg = Release|Any CPU
		{41FCBBD6-61D9-4DAA-9720-1F780ED4061A}.Release|Any CPU.Build.0 = Release|Any CPU
		{E3FF0753-C49A-4682-B0D4-853DF891316C}.Debug|Any CPU.ActiveCfg = Debug|Any CPU
		{E3FF0753-C49A-4682-B0D4-853DF891316C}.Debug|Any CPU.Build.0 = Debug|Any CPU
		{E3FF0753-C49A-4682-B0D4-853DF891316C}.Release|Any CPU.ActiveCfg = Release|Any CPU
		{E3FF0753-C49A-4682-B0D4-853DF891316C}.Release|Any CPU.Build.0 = Release|Any CPU
	EndGlobalSection
	GlobalSection(SolutionProperties) = preSolution
		HideSolutionNode = FALSE
	EndGlobalSection
	GlobalSection(NestedProjects) = preSolution
		{B257DB59-876A-4977-B6E5-1183AEF3E246} = {AB120A02-64AF-4280-B9CE-AC1E5ED76AE2}
		{20C84139-EBA2-4FBE-912E-1D4AC9F63F92} = {AB120A02-64AF-4280-B9CE-AC1E5ED76AE2}
		{07ED8924-F2B7-47D5-9B5C-F8501829CCA6} = {AB120A02-64AF-4280-B9CE-AC1E5ED76AE2}
		{D4B24F49-5497-4F1B-B909-5AE248B826D5} = {3DC7F69D-3CD7-49AD-9774-7C8933229F97}
		{41FCBBD6-61D9-4DAA-9720-1F780ED4061A} = {91FB99F8-DFC3-4CA2-A58A-C55C70EDE655}
		{E3FF0753-C49A-4682-B0D4-853DF891316C} = {3DC7F69D-3CD7-49AD-9774-7C8933229F97}
	EndGlobalSection
EndGlobal
