
Microsoft Visual Studio Solution File, Format Version 12.00
# Visual Studio 14
VisualStudioVersion = 14.0.25420.1
MinimumVisualStudioVersion = 10.0.40219.1
Project("{FAE04EC0-301F-11D3-BF4B-00C04F79EFBC}") = "TexasHoldEmEngineTest", "TexasHoldEmTest\TexasHoldEmEngineTest.csproj", "{B257DB59-876A-4977-B6E5-1183AEF3E246}"
EndProject
Project("{FAE04EC0-301F-11D3-BF4B-00C04F79EFBC}") = "TexasHoldEmEngine", "TexasHoldEm\TexasHoldEmEngine.csproj", "{20C84139-EBA2-4FBE-912E-1D4AC9F63F92}"
EndProject
Project("{FAE04EC0-301F-11D3-BF4B-00C04F79EFBC}") = "TexasHoldEmEngine.Interfaces", "TexasHoldEm.Interfaces\TexasHoldEmEngine.Interfaces.csproj", "{07ED8924-F2B7-47D5-9B5C-F8501829CCA6}"
EndProject
Global
	GlobalSection(SolutionConfigurationPlatforms) = preSolution
		Debug|Any CPU = Debug|Any CPU
		Release|Any CPU = Release|Any CPU
	EndGlobalSection
	GlobalSection(ProjectConfigurationPlatforms) = postSolution
		{B257DB59-876A-4977-B6E5-1183AEF3E246}.Debug|Any CPU.ActiveCfg = Debug|Any CPU
		{B257DB59-876A-4977-B6E5-1183AEF3E246}.Debug|Any CPU.Build.0 = Debug|Any CPU
		{B257DB59-876A-4977-B6E5-1183AEF3E246}.Release|Any CPU.ActiveCfg = Release|Any CPU
		{B257DB59-876A-4977-B6E5-1183AEF3E246}.Release|Any CPU.Build.0 = Release|Any CPU
		{20C84139-EBA2-4FBE-912E-1D4AC9F63F92}.Debug|Any CPU.ActiveCfg = Debug|Any CPU
		{20C84139-EBA2-4FBE-912E-1D4AC9F63F92}.Debug|Any CPU.Build.0 = Debug|Any CPU
		{20C84139-EBA2-4FBE-912E-1D4AC9F63F92}.Release|Any CPU.ActiveCfg = Release|Any CPU
		{20C84139-EBA2-4FBE-912E-1D4AC9F63F92}.Release|Any CPU.Build.0 = Release|Any CPU
		{07ED8924-F2B7-47D5-9B5C-F8501829CCA6}.Debug|Any CPU.ActiveCfg = Debug|Any CPU
		{07ED8924-F2B7-47D5-9B5C-F8501829CCA6}.Debug|Any CPU.Build.0 = Debug|Any CPU
		{07ED8924-F2B7-47D5-9B5C-F8501829CCA6}.Release|Any CPU.ActiveCfg = Release|Any CPU
		{07ED8924-F2B7-47D5-9B5C-F8501829CCA6}.Release|Any CPU.Build.0 = Release|Any CPU
	EndGlobalSection
	GlobalSection(SolutionProperties) = preSolution
		HideSolutionNode = FALSE
	EndGlobalSection
EndGlobal
